
Microsoft Visual Studio Solution File, Format Version 12.00
# Visual Studio Version 16
VisualStudioVersion = 16.0.31424.327
MinimumVisualStudioVersion = 10.0.40219.1
Project("{9A19103F-16F7-4668-BE54-9A1E7A4F7556}") = "YooniK.Services.Client.Tests", "YooniK.Services.Client.Tests\YooniK.Services.Client.Tests.csproj", "{C7B6C58D-6BC1-4265-BE45-16A45B2CE3DA}"
EndProject
Project("{9A19103F-16F7-4668-BE54-9A1E7A4F7556}") = "YooniK.Services.Client", "YooniK.Services.Client\YooniK.Services.Client.csproj", "{C2951FD6-0114-47C3-A502-01E78D6285CA}"
EndProject
Global
	GlobalSection(SolutionConfigurationPlatforms) = preSolution
		Debug|Any CPU = Debug|Any CPU
		Release|Any CPU = Release|Any CPU
	EndGlobalSection
	GlobalSection(ProjectConfigurationPlatforms) = postSolution
		{C7B6C58D-6BC1-4265-BE45-16A45B2CE3DA}.Debug|Any CPU.ActiveCfg = Debug|Any CPU
		{C7B6C58D-6BC1-4265-BE45-16A45B2CE3DA}.Release|Any CPU.ActiveCfg = Release|Any CPU
		{C2951FD6-0114-47C3-A502-01E78D6285CA}.Debug|Any CPU.ActiveCfg = Debug|Any CPU
		{C2951FD6-0114-47C3-A502-01E78D6285CA}.Debug|Any CPU.Build.0 = Debug|Any CPU
		{C2951FD6-0114-47C3-A502-01E78D6285CA}.Release|Any CPU.ActiveCfg = Release|Any CPU
		{C2951FD6-0114-47C3-A502-01E78D6285CA}.Release|Any CPU.Build.0 = Release|Any CPU
	EndGlobalSection
	GlobalSection(SolutionProperties) = preSolution
		HideSolutionNode = FALSE
	EndGlobalSection
	GlobalSection(ExtensibilityGlobals) = postSolution
		SolutionGuid = {EF7297E3-EB31-4865-A5CD-DE29557232F1}
	EndGlobalSection
EndGlobal
